
Microsoft Visual Studio Solution File, Format Version 12.00
# Visual Studio 15
VisualStudioVersion = 15.0.26228.9
MinimumVisualStudioVersion = 10.0.40219.1
Project("{FAE04EC0-301F-11D3-BF4B-00C04F79EFBC}") = "CanonicalJson", "CanonicalJson\CanonicalJson.csproj", "{F2EC8A3F-A4EF-4675-985D-8DA3EF0D141B}"
EndProject
Project("{FAE04EC0-301F-11D3-BF4B-00C04F79EFBC}") = "UnitTestCanonical", "UnitTestCanonical\UnitTestCanonical.csproj", "{CCE48034-B90A-42AF-9118-68D503DFDEFF}"
EndProject
Global
	GlobalSection(SolutionConfigurationPlatforms) = preSolution
		Debug|Any CPU = Debug|Any CPU
		Release|Any CPU = Release|Any CPU
	EndGlobalSection
	GlobalSection(ProjectConfigurationPlatforms) = postSolution
		{F2EC8A3F-A4EF-4675-985D-8DA3EF0D141B}.Debug|Any CPU.ActiveCfg = Debug|Any CPU
		{F2EC8A3F-A4EF-4675-985D-8DA3EF0D141B}.Debug|Any CPU.Build.0 = Debug|Any CPU
		{F2EC8A3F-A4EF-4675-985D-8DA3EF0D141B}.Release|Any CPU.ActiveCfg = Release|Any CPU
		{F2EC8A3F-A4EF-4675-985D-8DA3EF0D141B}.Release|Any CPU.Build.0 = Release|Any CPU
		{CCE48034-B90A-42AF-9118-68D503DFDEFF}.Debug|Any CPU.ActiveCfg = Debug|Any CPU
		{CCE48034-B90A-42AF-9118-68D503DFDEFF}.Debug|Any CPU.Build.0 = Debug|Any CPU
		{CCE48034-B90A-42AF-9118-68D503DFDEFF}.Release|Any CPU.ActiveCfg = Release|Any CPU
		{CCE48034-B90A-42AF-9118-68D503DFDEFF}.Release|Any CPU.Build.0 = Release|Any CPU
	EndGlobalSection
	GlobalSection(SolutionProperties) = preSolution
		HideSolutionNode = FALSE
	EndGlobalSection
EndGlobal
